
Microsoft Visual Studio Solution File, Format Version 12.00
# Visual Studio Version 17
VisualStudioVersion = 17.5.33414.496
MinimumVisualStudioVersion = 10.0.40219.1
Project("{FAE04EC0-301F-11D3-BF4B-00C04F79EFBC}") = "Uebung2", "Uebung2\Uebung2.csproj", "{73D0DD12-A956-44C7-8A55-5F3913FF6EDE}"
EndProject
Global
	GlobalSection(SolutionConfigurationPlatforms) = preSolution
		Debug|Any CPU = Debug|Any CPU
		Release|Any CPU = Release|Any CPU
	EndGlobalSection
	GlobalSection(ProjectConfigurationPlatforms) = postSolution
		{73D0DD12-A956-44C7-8A55-5F3913FF6EDE}.Debug|Any CPU.ActiveCfg = Debug|Any CPU
		{73D0DD12-A956-44C7-8A55-5F3913FF6EDE}.Debug|Any CPU.Build.0 = Debug|Any CPU
		{73D0DD12-A956-44C7-8A55-5F3913FF6EDE}.Release|Any CPU.ActiveCfg = Release|Any CPU
		{73D0DD12-A956-44C7-8A55-5F3913FF6EDE}.Release|Any CPU.Build.0 = Release|Any CPU
	EndGlobalSection
	GlobalSection(SolutionProperties) = preSolution
		HideSolutionNode = FALSE
	EndGlobalSection
	GlobalSection(ExtensibilityGlobals) = postSolution
		SolutionGuid = {469A4084-6901-4023-8B1B-D877BA78159C}
	EndGlobalSection
EndGlobal
