
Microsoft Visual Studio Solution File, Format Version 12.00
# Visual Studio Version 17
VisualStudioVersion = 17.5.33414.496
MinimumVisualStudioVersion = 10.0.40219.1
Project("{FAE04EC0-301F-11D3-BF4B-00C04F79EFBC}") = "Uebung7", "Uebung7\Uebung7.csproj", "{2FD63F7A-33C7-4140-BED4-7E4481D51739}"
EndProject
Global
	GlobalSection(SolutionConfigurationPlatforms) = preSolution
		Debug|Any CPU = Debug|Any CPU
		Release|Any CPU = Release|Any CPU
	EndGlobalSection
	GlobalSection(ProjectConfigurationPlatforms) = postSolution
		{2FD63F7A-33C7-4140-BED4-7E4481D51739}.Debug|Any CPU.ActiveCfg = Debug|Any CPU
		{2FD63F7A-33C7-4140-BED4-7E4481D51739}.Debug|Any CPU.Build.0 = Debug|Any CPU
		{2FD63F7A-33C7-4140-BED4-7E4481D51739}.Release|Any CPU.ActiveCfg = Release|Any CPU
		{2FD63F7A-33C7-4140-BED4-7E4481D51739}.Release|Any CPU.Build.0 = Release|Any CPU
	EndGlobalSection
	GlobalSection(SolutionProperties) = preSolution
		HideSolutionNode = FALSE
	EndGlobalSection
	GlobalSection(ExtensibilityGlobals) = postSolution
		SolutionGuid = {38D24B8A-AE34-4BE9-B9E1-8BB2B583290E}
	EndGlobalSection
EndGlobal
