
Microsoft Visual Studio Solution File, Format Version 12.00
# Visual Studio Version 17
VisualStudioVersion = 17.5.33424.131
MinimumVisualStudioVersion = 10.0.40219.1
Project("{FAE04EC0-301F-11D3-BF4B-00C04F79EFBC}") = "PingList", "PingList\PingList.csproj", "{8374DF86-389B-4068-A4C8-1FE83F80C7CC}"
EndProject
Global
	GlobalSection(SolutionConfigurationPlatforms) = preSolution
		Debug|Any CPU = Debug|Any CPU
		Release|Any CPU = Release|Any CPU
	EndGlobalSection
	GlobalSection(ProjectConfigurationPlatforms) = postSolution
		{8374DF86-389B-4068-A4C8-1FE83F80C7CC}.Debug|Any CPU.ActiveCfg = Debug|Any CPU
		{8374DF86-389B-4068-A4C8-1FE83F80C7CC}.Debug|Any CPU.Build.0 = Debug|Any CPU
		{8374DF86-389B-4068-A4C8-1FE83F80C7CC}.Release|Any CPU.ActiveCfg = Release|Any CPU
		{8374DF86-389B-4068-A4C8-1FE83F80C7CC}.Release|Any CPU.Build.0 = Release|Any CPU
	EndGlobalSection
	GlobalSection(SolutionProperties) = preSolution
		HideSolutionNode = FALSE
	EndGlobalSection
	GlobalSection(ExtensibilityGlobals) = postSolution
		SolutionGuid = {871FE895-13B1-4BAF-8FFF-0C7BD8F3DAB3}
	EndGlobalSection
EndGlobal
